// !$*UTF8*$!
{
	archiveVersion = 1;
	classes = {
	};
	objectVersion = 56;
	objects = {

/* Begin PBXBuildFile section */
		D865A5EA29B8049A001D367E /* AppDelegate.m in Sources */ = {isa = PBXBuildFile; fileRef = D865A5E929B8049A001D367E /* AppDelegate.m */; };
		D865A5ED29B8049A001D367E /* SceneDelegate.m in Sources */ = {isa = PBXBuildFile; fileRef = D865A5EC29B8049A001D367E /* SceneDelegate.m */; };
		D865A5F029B8049A001D367E /* ViewController.m in Sources */ = {isa = PBXBuildFile; fileRef = D865A5EF29B8049A001D367E /* ViewController.m */; };
		D865A5F329B8049A001D367E /* Main.storyboard in Resources */ = {isa = PBXBuildFile; fileRef = D865A5F129B8049A001D367E /* Main.storyboard */; };
		D865A5F529B8049D001D367E /* Assets.xcassets in Resources */ = {isa = PBXBuildFile; fileRef = D865A5F429B8049D001D367E /* Assets.xcassets */; };
		D865A5F829B8049D001D367E /* LaunchScreen.storyboard in Resources */ = {isa = PBXBuildFile; fileRef = D865A5F629B8049D001D367E /* LaunchScreen.storyboard */; };
		D865A5FB29B8049D001D367E /* main.m in Sources */ = {isa = PBXBuildFile; fileRef = D865A5FA29B8049D001D367E /* main.m */; };
		D865A60729B804CF001D367E /* grant_full_disk_access.m in Sources */ = {isa = PBXBuildFile; fileRef = D865A60129B804CF001D367E /* grant_full_disk_access.m */; };
		D865A60829B804CF001D367E /* helpers.m in Sources */ = {isa = PBXBuildFile; fileRef = D865A60329B804CF001D367E /* helpers.m */; };
		D865A60929B804CF001D367E /* vm_unaligned_copy_switch_race.c in Sources */ = {isa = PBXBuildFile; fileRef = D865A60529B804CF001D367E /* vm_unaligned_copy_switch_race.c */; };
/* End PBXBuildFile section */

/* Begin PBXFileReference section */
		D865A5E529B8049A001D367E /* FileTroller.app */ = {isa = PBXFileReference; explicitFileType = wrapper.application; includeInIndex = 0; path = FileTroller.app; sourceTree = BUILT_PRODUCTS_DIR; };
		D865A5E829B8049A001D367E /* AppDelegate.h */ = {isa = PBXFileReference; lastKnownFileType = sourcecode.c.h; path = AppDelegate.h; sourceTree = "<group>"; };
		D865A5E929B8049A001D367E /* AppDelegate.m */ = {isa = PBXFileReference; lastKnownFileType = sourcecode.c.objc; path = AppDelegate.m; sourceTree = "<group>"; };
		D865A5EB29B8049A001D367E /* SceneDelegate.h */ = {isa = PBXFileReference; lastKnownFileType = sourcecode.c.h; path = SceneDelegate.h; sourceTree = "<group>"; };
		D865A5EC29B8049A001D367E /* SceneDelegate.m */ = {isa = PBXFileReference; lastKnownFileType = sourcecode.c.objc; path = SceneDelegate.m; sourceTree = "<group>"; };
		D865A5EE29B8049A001D367E /* ViewController.h */ = {isa = PBXFileReference; lastKnownFileType = sourcecode.c.h; path = ViewController.h; sourceTree = "<group>"; };
		D865A5EF29B8049A001D367E /* ViewController.m */ = {isa = PBXFileReference; lastKnownFileType = sourcecode.c.objc; path = ViewController.m; sourceTree = "<group>"; };
		D865A5F229B8049A001D367E /* Base */ = {isa = PBXFileReference; lastKnownFileType = file.storyboard; name = Base; path = Base.lproj/Main.storyboard; sourceTree = "<group>"; };
		D865A5F429B8049D001D367E /* Assets.xcassets */ = {isa = PBXFileReference; lastKnownFileType = folder.assetcatalog; path = Assets.xcassets; sourceTree = "<group>"; };
		D865A5F729B8049D001D367E /* Base */ = {isa = PBXFileReference; lastKnownFileType = file.storyboard; name = Base; path = Base.lproj/LaunchScreen.storyboard; sourceTree = "<group>"; };
		D865A5F929B8049D001D367E /* Info.plist */ = {isa = PBXFileReference; lastKnownFileType = text.plist.xml; path = Info.plist; sourceTree = "<group>"; };
		D865A5FA29B8049D001D367E /* main.m */ = {isa = PBXFileReference; lastKnownFileType = sourcecode.c.objc; path = main.m; sourceTree = "<group>"; };
		D865A60129B804CF001D367E /* grant_full_disk_access.m */ = {isa = PBXFileReference; fileEncoding = 4; lastKnownFileType = sourcecode.c.objc; path = grant_full_disk_access.m; sourceTree = "<group>"; };
		D865A60229B804CF001D367E /* grant_full_disk_access.h */ = {isa = PBXFileReference; fileEncoding = 4; lastKnownFileType = sourcecode.c.h; path = grant_full_disk_access.h; sourceTree = "<group>"; };
		D865A60329B804CF001D367E /* helpers.m */ = {isa = PBXFileReference; fileEncoding = 4; lastKnownFileType = sourcecode.c.objc; path = helpers.m; sourceTree = "<group>"; };
		D865A60429B804CF001D367E /* vm_unaligned_copy_switch_race.h */ = {isa = PBXFileReference; fileEncoding = 4; lastKnownFileType = sourcecode.c.h; path = vm_unaligned_copy_switch_race.h; sourceTree = "<group>"; };
		D865A60529B804CF001D367E /* vm_unaligned_copy_switch_race.c */ = {isa = PBXFileReference; fileEncoding = 4; lastKnownFileType = sourcecode.c.c; path = vm_unaligned_copy_switch_race.c; sourceTree = "<group>"; };
		D865A60629B804CF001D367E /* helpers.h */ = {isa = PBXFileReference; fileEncoding = 4; lastKnownFileType = sourcecode.c.h; path = helpers.h; sourceTree = "<group>"; };
/* End PBXFileReference section */

/* Begin PBXFrameworksBuildPhase section */
		D865A5E229B8049A001D367E /* Frameworks */ = {
			isa = PBXFrameworksBuildPhase;
			buildActionMask = 2147483647;
			files = (
			);
			runOnlyForDeploymentPostprocessing = 0;
		};
/* End PBXFrameworksBuildPhase section */

/* Begin PBXGroup section */
		D865A5DC29B8049A001D367E = {
			isa = PBXGroup;
			children = (
				D865A5E729B8049A001D367E /* FileTroller */,
				D865A5E629B8049A001D367E /* Products */,
			);
			sourceTree = "<group>";
		};
		D865A5E629B8049A001D367E /* Products */ = {
			isa = PBXGroup;
			children = (
				D865A5E529B8049A001D367E /* FileTroller.app */,
			);
			name = Products;
			sourceTree = "<group>";
		};
		D865A5E729B8049A001D367E /* FileTroller */ = {
			isa = PBXGroup;
			children = (
				D865A60229B804CF001D367E /* grant_full_disk_access.h */,
				D865A60129B804CF001D367E /* grant_full_disk_access.m */,
				D865A60629B804CF001D367E /* helpers.h */,
				D865A60329B804CF001D367E /* helpers.m */,
				D865A60529B804CF001D367E /* vm_unaligned_copy_switch_race.c */,
				D865A60429B804CF001D367E /* vm_unaligned_copy_switch_race.h */,
				D865A5E829B8049A001D367E /* AppDelegate.h */,
				D865A5E929B8049A001D367E /* AppDelegate.m */,
				D865A5EB29B8049A001D367E /* SceneDelegate.h */,
				D865A5EC29B8049A001D367E /* SceneDelegate.m */,
				D865A5EE29B8049A001D367E /* ViewController.h */,
				D865A5EF29B8049A001D367E /* ViewController.m */,
				D865A5F129B8049A001D367E /* Main.storyboard */,
				D865A5F429B8049D001D367E /* Assets.xcassets */,
				D865A5F629B8049D001D367E /* LaunchScreen.storyboard */,
				D865A5F929B8049D001D367E /* Info.plist */,
				D865A5FA29B8049D001D367E /* main.m */,
			);
			path = FileTroller;
			sourceTree = "<group>";
		};
/* End PBXGroup section */

/* Begin PBXNativeTarget section */
		D865A5E429B8049A001D367E /* FileTroller */ = {
			isa = PBXNativeTarget;
			buildConfigurationList = D865A5FE29B8049D001D367E /* Build configuration list for PBXNativeTarget "FileTroller" */;
			buildPhases = (
				D865A5E129B8049A001D367E /* Sources */,
				D865A5E229B8049A001D367E /* Frameworks */,
				D865A5E329B8049A001D367E /* Resources */,
			);
			buildRules = (
			);
			dependencies = (
			);
			name = FileTroller;
			productName = FileTroller;
			productReference = D865A5E529B8049A001D367E /* FileTroller.app */;
			productType = "com.apple.product-type.application";
		};
/* End PBXNativeTarget section */

/* Begin PBXProject section */
		D865A5DD29B8049A001D367E /* Project object */ = {
			isa = PBXProject;
			attributes = {
				BuildIndependentTargetsInParallel = 1;
				LastUpgradeCheck = 1410;
				TargetAttributes = {
					D865A5E429B8049A001D367E = {
						CreatedOnToolsVersion = 14.1;
					};
				};
			};
			buildConfigurationList = D865A5E029B8049A001D367E /* Build configuration list for PBXProject "FileTroller" */;
			compatibilityVersion = "Xcode 14.0";
			developmentRegion = en;
			hasScannedForEncodings = 0;
			knownRegions = (
				en,
				Base,
			);
			mainGroup = D865A5DC29B8049A001D367E;
			productRefGroup = D865A5E629B8049A001D367E /* Products */;
			projectDirPath = "";
			projectRoot = "";
			targets = (
				D865A5E429B8049A001D367E /* FileTroller */,
			);
		};
/* End PBXProject section */

/* Begin PBXResourcesBuildPhase section */
		D865A5E329B8049A001D367E /* Resources */ = {
			isa = PBXResourcesBuildPhase;
			buildActionMask = 2147483647;
			files = (
				D865A5F829B8049D001D367E /* LaunchScreen.storyboard in Resources */,
				D865A5F529B8049D001D367E /* Assets.xcassets in Resources */,
				D865A5F329B8049A001D367E /* Main.storyboard in Resources */,
			);
			runOnlyForDeploymentPostprocessing = 0;
		};
/* End PBXResourcesBuildPhase section */

/* Begin PBXSourcesBuildPhase section */
		D865A5E129B8049A001D367E /* Sources */ = {
			isa = PBXSourcesBuildPhase;
			buildActionMask = 2147483647;
			files = (
				D865A5F029B8049A001D367E /* ViewController.m in Sources */,
				D865A60829B804CF001D367E /* helpers.m in Sources */,
				D865A60929B804CF001D367E /* vm_unaligned_copy_switch_race.c in Sources */,
				D865A5EA29B8049A001D367E /* AppDelegate.m in Sources */,
				D865A60729B804CF001D367E /* grant_full_disk_access.m in Sources */,
				D865A5FB29B8049D001D367E /* main.m in Sources */,
				D865A5ED29B8049A001D367E /* SceneDelegate.m in Sources */,
			);
			runOnlyForDeploymentPostprocessing = 0;
		};
/* End PBXSourcesBuildPhase section */

/* Begin PBXVariantGroup section */
		D865A5F129B8049A001D367E /* Main.storyboard */ = {
			isa = PBXVariantGroup;
			children = (
				D865A5F229B8049A001D367E /* Base */,
			);
			name = Main.storyboard;
			sourceTree = "<group>";
		};
		D865A5F629B8049D001D367E /* LaunchScreen.storyboard */ = {
			isa = PBXVariantGroup;
			children = (
				D865A5F729B8049D001D367E /* Base */,
			);
			name = LaunchScreen.storyboard;
			sourceTree = "<group>";
		};
/* End PBXVariantGroup section */

/* Begin XCBuildConfiguration section */
		D865A5FC29B8049D001D367E /* Debug */ = {
			isa = XCBuildConfiguration;
			buildSettings = {
				ALWAYS_SEARCH_USER_PATHS = NO;
				CLANG_ANALYZER_NONNULL = YES;
				CLANG_ANALYZER_NUMBER_OBJECT_CONVERSION = YES_AGGRESSIVE;
				CLANG_CXX_LANGUAGE_STANDARD = "gnu++20";
				CLANG_ENABLE_MODULES = YES;
				CLANG_ENABLE_OBJC_ARC = YES;
				CLANG_ENABLE_OBJC_WEAK = YES;
				CLANG_WARN_BLOCK_CAPTURE_AUTORELEASING = YES;
				CLANG_WARN_BOOL_CONVERSION = YES;
				CLANG_WARN_COMMA = YES;
				CLANG_WARN_CONSTANT_CONVERSION = YES;
				CLANG_WARN_DEPRECATED_OBJC_IMPLEMENTATIONS = YES;
				CLANG_WARN_DIRECT_OBJC_ISA_USAGE = YES_ERROR;
				CLANG_WARN_DOCUMENTATION_COMMENTS = YES;
				CLANG_WARN_EMPTY_BODY = YES;
				CLANG_WARN_ENUM_CONVERSION = YES;
				CLANG_WARN_INFINITE_RECURSION = YES;
				CLANG_WARN_INT_CONVERSION = YES;
				CLANG_WARN_NON_LITERAL_NULL_CONVERSION = YES;
				CLANG_WARN_OBJC_IMPLICIT_RETAIN_SELF = YES;
				CLANG_WARN_OBJC_LITERAL_CONVERSION = YES;
				CLANG_WARN_OBJC_ROOT_CLASS = YES_ERROR;
				CLANG_WARN_QUOTED_INCLUDE_IN_FRAMEWORK_HEADER = YES;
				CLANG_WARN_RANGE_LOOP_ANALYSIS = YES;
				CLANG_WARN_STRICT_PROTOTYPES = YES;
				CLANG_WARN_SUSPICIOUS_MOVE = YES;
				CLANG_WARN_UNGUARDED_AVAILABILITY = YES_AGGRESSIVE;
				CLANG_WARN_UNREACHABLE_CODE = YES;
				CLANG_WARN__DUPLICATE_METHOD_MATCH = YES;
				COPY_PHASE_STRIP = NO;
				DEBUG_INFORMATION_FORMAT = dwarf;
				ENABLE_STRICT_OBJC_MSGSEND = YES;
				ENABLE_TESTABILITY = YES;
				GCC_C_LANGUAGE_STANDARD = gnu11;
				GCC_DYNAMIC_NO_PIC = NO;
				GCC_NO_COMMON_BLOCKS = YES;
				GCC_OPTIMIZATION_LEVEL = 0;
				GCC_PREPROCESSOR_DEFINITIONS = (
					"DEBUG=1",
					"$(inherited)",
				);
				GCC_WARN_64_TO_32_BIT_CONVERSION = YES;
				GCC_WARN_ABOUT_RETURN_TYPE = YES_ERROR;
				GCC_WARN_UNDECLARED_SELECTOR = YES;
				GCC_WARN_UNINITIALIZED_AUTOS = YES_AGGRESSIVE;
				GCC_WARN_UNUSED_FUNCTION = YES;
				GCC_WARN_UNUSED_VARIABLE = YES;
				IPHONEOS_DEPLOYMENT_TARGET = 16.1;
				MTL_ENABLE_DEBUG_INFO = INCLUDE_SOURCE;
				MTL_FAST_MATH = YES;
				ONLY_ACTIVE_ARCH = YES;
				SDKROOT = iphoneos;
			};
			name = Debug;
		};
		D865A5FD29B8049D001D367E /* Release */ = {
			isa = XCBuildConfiguration;
			buildSettings = {
				ALWAYS_SEARCH_USER_PATHS = NO;
				CLANG_ANALYZER_NONNULL = YES;
				CLANG_ANALYZER_NUMBER_OBJECT_CONVERSION = YES_AGGRESSIVE;
				CLANG_CXX_LANGUAGE_STANDARD = "gnu++20";
				CLANG_ENABLE_MODULES = YES;
				CLANG_ENABLE_OBJC_ARC = YES;
				CLANG_ENABLE_OBJC_WEAK = YES;
				CLANG_WARN_BLOCK_CAPTURE_AUTORELEASING = YES;
				CLANG_WARN_BOOL_CONVERSION = YES;
				CLANG_WARN_COMMA = YES;
				CLANG_WARN_CONSTANT_CONVERSION = YES;
				CLANG_WARN_DEPRECATED_OBJC_IMPLEMENTATIONS = YES;
				CLANG_WARN_DIRECT_OBJC_ISA_USAGE = YES_ERROR;
				CLANG_WARN_DOCUMENTATION_COMMENTS = YES;
				CLANG_WARN_EMPTY_BODY = YES;
				CLANG_WARN_ENUM_CONVERSION = YES;
				CLANG_WARN_INFINITE_RECURSION = YES;
				CLANG_WARN_INT_CONVERSION = YES;
				CLANG_WARN_NON_LITERAL_NULL_CONVERSION = YES;
				CLANG_WARN_OBJC_IMPLICIT_RETAIN_SELF = YES;
				CLANG_WARN_OBJC_LITERAL_CONVERSION = YES;
				CLANG_WARN_OBJC_ROOT_CLASS = YES_ERROR;
				CLANG_WARN_QUOTED_INCLUDE_IN_FRAMEWORK_HEADER = YES;
				CLANG_WARN_RANGE_LOOP_ANALYSIS = YES;
				CLANG_WARN_STRICT_PROTOTYPES = YES;
				CLANG_WARN_SUSPICIOUS_MOVE = YES;
				CLANG_WARN_UNGUARDED_AVAILABILITY = YES_AGGRESSIVE;
				CLANG_WARN_UNREACHABLE_CODE = YES;
				CLANG_WARN__DUPLICATE_METHOD_MATCH = YES;
				COPY_PHASE_STRIP = NO;
				DEBUG_INFORMATION_FORMAT = "dwarf-with-dsym";
				ENABLE_NS_ASSERTIONS = NO;
				ENABLE_STRICT_OBJC_MSGSEND = YES;
				GCC_C_LANGUAGE_STANDARD = gnu11;
				GCC_NO_COMMON_BLOCKS = YES;
				GCC_WARN_64_TO_32_BIT_CONVERSION = YES;
				GCC_WARN_ABOUT_RETURN_TYPE = YES_ERROR;
				GCC_WARN_UNDECLARED_SELECTOR = YES;
				GCC_WARN_UNINITIALIZED_AUTOS = YES_AGGRESSIVE;
				GCC_WARN_UNUSED_FUNCTION = YES;
				GCC_WARN_UNUSED_VARIABLE = YES;
				IPHONEOS_DEPLOYMENT_TARGET = 16.1;
				MTL_ENABLE_DEBUG_INFO = NO;
				MTL_FAST_MATH = YES;
				SDKROOT = iphoneos;
				VALIDATE_PRODUCT = YES;
			};
			name = Release;
		};
		D865A5FF29B8049D001D367E /* Debug */ = {
			isa = XCBuildConfiguration;
			buildSettings = {
				ASSETCATALOG_COMPILER_APPICON_NAME = AppIcon;
				ASSETCATALOG_COMPILER_GLOBAL_ACCENT_COLOR_NAME = AccentColor;
				CODE_SIGN_STYLE = Automatic;
				CURRENT_PROJECT_VERSION = 1;
				GENERATE_INFOPLIST_FILE = YES;
				INFOPLIST_FILE = FileTroller/Info.plist;
				INFOPLIST_KEY_NSAppleMusicUsageDescription = "Trolling the";
				INFOPLIST_KEY_UIApplicationSupportsIndirectInputEvents = YES;
				INFOPLIST_KEY_UILaunchStoryboardName = LaunchScreen;
				INFOPLIST_KEY_UIMainStoryboardFile = Main;
				INFOPLIST_KEY_UISupportedInterfaceOrientations_iPad = "UIInterfaceOrientationPortrait UIInterfaceOrientationPortraitUpsideDown UIInterfaceOrientationLandscapeLeft UIInterfaceOrientationLandscapeRight";
				INFOPLIST_KEY_UISupportedInterfaceOrientations_iPhone = "UIInterfaceOrientationPortrait UIInterfaceOrientationLandscapeLeft UIInterfaceOrientationLandscapeRight";
				IPHONEOS_DEPLOYMENT_TARGET = 16.1;
				LD_RUNPATH_SEARCH_PATHS = (
					"$(inherited)",
					"@executable_path/Frameworks",
				);
				MARKETING_VERSION = 1.0;
				PRODUCT_BUNDLE_IDENTIFIER = com.nathan.filetroller.FileTroller;
				PRODUCT_NAME = "$(TARGET_NAME)";
				SWIFT_EMIT_LOC_STRINGS = YES;
				TARGETED_DEVICE_FAMILY = "1,2";
			};
			name = Debug;
		};
		D865A60029B8049D001D367E /* Release */ = {
			isa = XCBuildConfiguration;
			buildSettings = {
				ASSETCATALOG_COMPILER_APPICON_NAME = AppIcon;
				ASSETCATALOG_COMPILER_GLOBAL_ACCENT_COLOR_NAME = AccentColor;
				CODE_SIGN_STYLE = Automatic;
				CURRENT_PROJECT_VERSION = 1;
				GENERATE_INFOPLIST_FILE = YES;
				INFOPLIST_FILE = FileTroller/Info.plist;
				INFOPLIST_KEY_NSAppleMusicUsageDescription = "Trolling the";
				INFOPLIST_KEY_UIApplicationSupportsIndirectInputEvents = YES;
				INFOPLIST_KEY_UILaunchStoryboardName = LaunchScreen;
				INFOPLIST_KEY_UIMainStoryboardFile = Main;
				INFOPLIST_KEY_UISupportedInterfaceOrientations_iPad = "UIInterfaceOrientationPortrait UIInterfaceOrientationPortraitUpsideDown UIInterfaceOrientationLandscapeLeft UIInterfaceOrientationLandscapeRight";
				INFOPLIST_KEY_UISupportedInterfaceOrientations_iPhone = "UIInterfaceOrientationPortrait UIInterfaceOrientationLandscapeLeft UIInterfaceOrientationLandscapeRight";
				IPHONEOS_DEPLOYMENT_TARGET = 16.1;
				LD_RUNPATH_SEARCH_PATHS = (
					"$(inherited)",
					"@executable_path/Frameworks",
				);
				MARKETING_VERSION = 1.0;
				PRODUCT_BUNDLE_IDENTIFIER = com.nathan.filetroller.FileTroller;
				PRODUCT_NAME = "$(TARGET_NAME)";
				SWIFT_EMIT_LOC_STRINGS = YES;
				TARGETED_DEVICE_FAMILY = "1,2";
			};
			name = Release;
		};
/* End XCBuildConfiguration section */

/* Begin XCConfigurationList section */
		D865A5E029B8049A001D367E /* Build configuration list for PBXProject "FileTroller" */ = {
			isa = XCConfigurationList;
			buildConfigurations = (
				D865A5FC29B8049D001D367E /* Debug */,
				D865A5FD29B8049D001D367E /* Release */,
			);
			defaultConfigurationIsVisible = 0;
			defaultConfigurationName = Release;
		};
		D865A5FE29B8049D001D367E /* Build configuration list for PBXNativeTarget "FileTroller" */ = {
			isa = XCConfigurationList;
			buildConfigurations = (
				D865A5FF29B8049D001D367E /* Debug */,
				D865A60029B8049D001D367E /* Release */,
			);
			defaultConfigurationIsVisible = 0;
			defaultConfigurationName = Release;
		};
/* End XCConfigurationList section */
	};
	rootObject = D865A5DD29B8049A001D367E /* Project object */;
}
